
Microsoft Visual Studio Solution File, Format Version 12.00
# Visual Studio Version 17
VisualStudioVersion = 17.11.35327.3
MinimumVisualStudioVersion = 10.0.40219.1
Project("{FAE04EC0-301F-11D3-BF4B-00C04F79EFBC}") = "NOTE4DAYZ", "NOTE4DAYZ.csproj", "{727CA7F8-64F0-484F-A89F-81DEC2CEEA5F}"
EndProject
Global
	GlobalSection(SolutionConfigurationPlatforms) = preSolution
		Debug|Any CPU = Debug|Any CPU
		Release|Any CPU = Release|Any CPU
	EndGlobalSection
	GlobalSection(ProjectConfigurationPlatforms) = postSolution
		{727CA7F8-64F0-484F-A89F-81DEC2CEEA5F}.Debug|Any CPU.ActiveCfg = Debug|Any CPU
		{727CA7F8-64F0-484F-A89F-81DEC2CEEA5F}.Debug|Any CPU.Build.0 = Debug|Any CPU
		{727CA7F8-64F0-484F-A89F-81DEC2CEEA5F}.Release|Any CPU.ActiveCfg = Release|Any CPU
		{727CA7F8-64F0-484F-A89F-81DEC2CEEA5F}.Release|Any CPU.Build.0 = Release|Any CPU
	EndGlobalSection
	GlobalSection(SolutionProperties) = preSolution
		HideSolutionNode = FALSE
	EndGlobalSection
	GlobalSection(ExtensibilityGlobals) = postSolution
		SolutionGuid = {C09C49FD-59E4-420B-84E4-6D0F19FC5F2A}
	EndGlobalSection
EndGlobal
